// !$*UTF8*$!
{
	archiveVersion = 1;
	classes = {
	};
	objectVersion = 48;
	objects = {

/* Begin PBXBuildFile section */
		E202C2501EF88481007D243A /* AppDelegate.swift in Sources */ = {isa = PBXBuildFile; fileRef = E202C24F1EF88481007D243A /* AppDelegate.swift */; };
		E202C2521EF88481007D243A /* ViewController.swift in Sources */ = {isa = PBXBuildFile; fileRef = E202C2511EF88481007D243A /* ViewController.swift */; };
		E202C2551EF88481007D243A /* Main.storyboard in Resources */ = {isa = PBXBuildFile; fileRef = E202C2531EF88481007D243A /* Main.storyboard */; };
		E202C2571EF88481007D243A /* Assets.xcassets in Resources */ = {isa = PBXBuildFile; fileRef = E202C2561EF88481007D243A /* Assets.xcassets */; };
		E202C25A1EF88481007D243A /* LaunchScreen.storyboard in Resources */ = {isa = PBXBuildFile; fileRef = E202C2581EF88481007D243A /* LaunchScreen.storyboard */; };
		E202C2661EF884D3007D243A /* RSNetworking.framework in Frameworks */ = {isa = PBXBuildFile; fileRef = E202C2651EF884D2007D243A /* RSNetworking.framework */; };
		E202C2671EF884D3007D243A /* RSNetworking.framework in Embed Frameworks */ = {isa = PBXBuildFile; fileRef = E202C2651EF884D2007D243A /* RSNetworking.framework */; settings = {ATTRIBUTES = (CodeSignOnCopy, RemoveHeadersOnCopy, ); }; };
/* End PBXBuildFile section */

/* Begin PBXCopyFilesBuildPhase section */
		E202C2681EF884D3007D243A /* Embed Frameworks */ = {
			isa = PBXCopyFilesBuildPhase;
			buildActionMask = 2147483647;
			dstPath = "";
			dstSubfolderSpec = 10;
			files = (
				E202C2671EF884D3007D243A /* RSNetworking.framework in Embed Frameworks */,
			);
			name = "Embed Frameworks";
			runOnlyForDeploymentPostprocessing = 0;
		};
/* End PBXCopyFilesBuildPhase section */

/* Begin PBXFileReference section */
		E202C24C1EF88481007D243A /* RSNetworkingExample.app */ = {isa = PBXFileReference; explicitFileType = wrapper.application; includeInIndex = 0; path = RSNetworkingExample.app; sourceTree = BUILT_PRODUCTS_DIR; };
		E202C24F1EF88481007D243A /* AppDelegate.swift */ = {isa = PBXFileReference; lastKnownFileType = sourcecode.swift; path = AppDelegate.swift; sourceTree = "<group>"; };
		E202C2511EF88481007D243A /* ViewController.swift */ = {isa = PBXFileReference; lastKnownFileType = sourcecode.swift; path = ViewController.swift; sourceTree = "<group>"; };
		E202C2541EF88481007D243A /* Base */ = {isa = PBXFileReference; lastKnownFileType = file.storyboard; name = Base; path = Base.lproj/Main.storyboard; sourceTree = "<group>"; };
		E202C2561EF88481007D243A /* Assets.xcassets */ = {isa = PBXFileReference; lastKnownFileType = folder.assetcatalog; path = Assets.xcassets; sourceTree = "<group>"; };
		E202C2591EF88481007D243A /* Base */ = {isa = PBXFileReference; lastKnownFileType = file.storyboard; name = Base; path = Base.lproj/LaunchScreen.storyboard; sourceTree = "<group>"; };
		E202C25B1EF88481007D243A /* Info.plist */ = {isa = PBXFileReference; lastKnownFileType = text.plist.xml; path = Info.plist; sourceTree = "<group>"; };
		E202C2651EF884D2007D243A /* RSNetworking.framework */ = {isa = PBXFileReference; lastKnownFileType = wrapper.framework; name = RSNetworking.framework; path = "../../../Library/Developer/Xcode/DerivedData/RSNetworking-ashdxgvdehoginfkayhoykldofat/Build/Products/Debug-iphoneos/RSNetworking.framework"; sourceTree = "<group>"; };
/* End PBXFileReference section */

/* Begin PBXFrameworksBuildPhase section */
		E202C2491EF88481007D243A /* Frameworks */ = {
			isa = PBXFrameworksBuildPhase;
			buildActionMask = 2147483647;
			files = (
				E202C2661EF884D3007D243A /* RSNetworking.framework in Frameworks */,
			);
			runOnlyForDeploymentPostprocessing = 0;
		};
/* End PBXFrameworksBuildPhase section */

/* Begin PBXGroup section */
		E202C2431EF88481007D243A = {
			isa = PBXGroup;
			children = (
				E202C2651EF884D2007D243A /* RSNetworking.framework */,
				E202C24E1EF88481007D243A /* RSNetworkingExample */,
				E202C24D1EF88481007D243A /* Products */,
			);
			sourceTree = "<group>";
		};
		E202C24D1EF88481007D243A /* Products */ = {
			isa = PBXGroup;
			children = (
				E202C24C1EF88481007D243A /* RSNetworkingExample.app */,
			);
			name = Products;
			sourceTree = "<group>";
		};
		E202C24E1EF88481007D243A /* RSNetworkingExample */ = {
			isa = PBXGroup;
			children = (
				E202C24F1EF88481007D243A /* AppDelegate.swift */,
				E202C2511EF88481007D243A /* ViewController.swift */,
				E202C2531EF88481007D243A /* Main.storyboard */,
				E202C2561EF88481007D243A /* Assets.xcassets */,
				E202C2581EF88481007D243A /* LaunchScreen.storyboard */,
				E202C25B1EF88481007D243A /* Info.plist */,
			);
			path = RSNetworkingExample;
			sourceTree = "<group>";
		};
/* End PBXGroup section */

/* Begin PBXNativeTarget section */
		E202C24B1EF88481007D243A /* RSNetworkingExample */ = {
			isa = PBXNativeTarget;
			buildConfigurationList = E202C25E1EF88481007D243A /* Build configuration list for PBXNativeTarget "RSNetworkingExample" */;
			buildPhases = (
				E202C2481EF88481007D243A /* Sources */,
				E202C2491EF88481007D243A /* Frameworks */,
				E202C24A1EF88481007D243A /* Resources */,
				E202C2681EF884D3007D243A /* Embed Frameworks */,
			);
			buildRules = (
			);
			dependencies = (
			);
			name = RSNetworkingExample;
			productName = RSNetworkingExample;
			productReference = E202C24C1EF88481007D243A /* RSNetworkingExample.app */;
			productType = "com.apple.product-type.application";
		};
/* End PBXNativeTarget section */

/* Begin PBXProject section */
		E202C2441EF88481007D243A /* Project object */ = {
			isa = PBXProject;
			attributes = {
				LastSwiftUpdateCheck = 0900;
				LastUpgradeCheck = 0900;
				ORGANIZATIONNAME = "Renato Stauffer";
				TargetAttributes = {
					E202C24B1EF88481007D243A = {
						CreatedOnToolsVersion = 9.0;
					};
				};
			};
			buildConfigurationList = E202C2471EF88481007D243A /* Build configuration list for PBXProject "RSNetworkingExample" */;
			compatibilityVersion = "Xcode 8.0";
			developmentRegion = en;
			hasScannedForEncodings = 0;
			knownRegions = (
				en,
				Base,
			);
			mainGroup = E202C2431EF88481007D243A;
			productRefGroup = E202C24D1EF88481007D243A /* Products */;
			projectDirPath = "";
			projectRoot = "";
			targets = (
				E202C24B1EF88481007D243A /* RSNetworkingExample */,
			);
		};
/* End PBXProject section */

/* Begin PBXResourcesBuildPhase section */
		E202C24A1EF88481007D243A /* Resources */ = {
			isa = PBXResourcesBuildPhase;
			buildActionMask = 2147483647;
			files = (
				E202C25A1EF88481007D243A /* LaunchScreen.storyboard in Resources */,
				E202C2571EF88481007D243A /* Assets.xcassets in Resources */,
				E202C2551EF88481007D243A /* Main.storyboard in Resources */,
			);
			runOnlyForDeploymentPostprocessing = 0;
		};
/* End PBXResourcesBuildPhase section */

/* Begin PBXSourcesBuildPhase section */
		E202C2481EF88481007D243A /* Sources */ = {
			isa = PBXSourcesBuildPhase;
			buildActionMask = 2147483647;
			files = (
				E202C2521EF88481007D243A /* ViewController.swift in Sources */,
				E202C2501EF88481007D243A /* AppDelegate.swift in Sources */,
			);
			runOnlyForDeploymentPostprocessing = 0;
		};
/* End PBXSourcesBuildPhase section */

/* Begin PBXVariantGroup section */
		E202C2531EF88481007D243A /* Main.storyboard */ = {
			isa = PBXVariantGroup;
			children = (
				E202C2541EF88481007D243A /* Base */,
			);
			name = Main.storyboard;
			sourceTree = "<group>";
		};
		E202C2581EF88481007D243A /* LaunchScreen.storyboard */ = {
			isa = PBXVariantGroup;
			children = (
				E202C2591EF88481007D243A /* Base */,
			);
			name = LaunchScreen.storyboard;
			sourceTree = "<group>";
		};
/* End PBXVariantGroup section */

/* Begin XCBuildConfiguration section */
		E202C25C1EF88481007D243A /* Debug */ = {
			isa = XCBuildConfiguration;
			buildSettings = {
				ALWAYS_SEARCH_USER_PATHS = NO;
				CLANG_ANALYZER_NONNULL = YES;
				CLANG_ANALYZER_NUMBER_OBJECT_CONVERSION = YES_AGGRESSIVE;
				CLANG_CXX_LANGUAGE_STANDARD = "gnu++14";
				CLANG_CXX_LIBRARY = "libc++";
				CLANG_ENABLE_MODULES = YES;
				CLANG_ENABLE_OBJC_ARC = YES;
				CLANG_WARN_BLOCK_CAPTURE_AUTORELEASING = YES;
				CLANG_WARN_BOOL_CONVERSION = YES;
				CLANG_WARN_COMMA = YES;
				CLANG_WARN_CONSTANT_CONVERSION = YES;
				CLANG_WARN_DIRECT_OBJC_ISA_USAGE = YES_ERROR;
				CLANG_WARN_DOCUMENTATION_COMMENTS = YES;
				CLANG_WARN_EMPTY_BODY = YES;
				CLANG_WARN_ENUM_CONVERSION = YES;
				CLANG_WARN_INFINITE_RECURSION = YES;
				CLANG_WARN_INT_CONVERSION = YES;
				CLANG_WARN_OBJC_ROOT_CLASS = YES_ERROR;
				CLANG_WARN_RANGE_LOOP_ANALYSIS = YES;
				CLANG_WARN_STRICT_PROTOTYPES = YES;
				CLANG_WARN_SUSPICIOUS_MOVE = YES;
				CLANG_WARN_UNGUARDED_AVAILABILITY = YES_AGGRESSIVE;
				CLANG_WARN_UNREACHABLE_CODE = YES;
				CLANG_WARN__DUPLICATE_METHOD_MATCH = YES;
				CODE_SIGN_IDENTITY = "iPhone Developer";
				COPY_PHASE_STRIP = NO;
				DEBUG_INFORMATION_FORMAT = dwarf;
				ENABLE_STRICT_OBJC_MSGSEND = YES;
				ENABLE_TESTABILITY = YES;
				GCC_C_LANGUAGE_STANDARD = gnu11;
				GCC_DYNAMIC_NO_PIC = NO;
				GCC_NO_COMMON_BLOCKS = YES;
				GCC_OPTIMIZATION_LEVEL = 0;
				GCC_PREPROCESSOR_DEFINITIONS = (
					"DEBUG=1",
					"$(inherited)",
				);
				GCC_WARN_64_TO_32_BIT_CONVERSION = YES;
				GCC_WARN_ABOUT_RETURN_TYPE = YES_ERROR;
				GCC_WARN_UNDECLARED_SELECTOR = YES;
				GCC_WARN_UNINITIALIZED_AUTOS = YES_AGGRESSIVE;
				GCC_WARN_UNUSED_FUNCTION = YES;
				GCC_WARN_UNUSED_VARIABLE = YES;
				IPHONEOS_DEPLOYMENT_TARGET = 11.0;
				MTL_ENABLE_DEBUG_INFO = YES;
				ONLY_ACTIVE_ARCH = YES;
				SDKROOT = iphoneos;
				SWIFT_ACTIVE_COMPILATION_CONDITIONS = DEBUG;
				SWIFT_OPTIMIZATION_LEVEL = "-Onone";
			};
			name = Debug;
		};
		E202C25D1EF88481007D243A /* Release */ = {
			isa = XCBuildConfiguration;
			buildSettings = {
				ALWAYS_SEARCH_USER_PATHS = NO;
				CLANG_ANALYZER_NONNULL = YES;
				CLANG_ANALYZER_NUMBER_OBJECT_CONVERSION = YES_AGGRESSIVE;
				CLANG_CXX_LANGUAGE_STANDARD = "gnu++14";
				CLANG_CXX_LIBRARY = "libc++";
				CLANG_ENABLE_MODULES = YES;
				CLANG_ENABLE_OBJC_ARC = YES;
				CLANG_WARN_BLOCK_CAPTURE_AUTORELEASING = YES;
				CLANG_WARN_BOOL_CONVERSION = YES;
				CLANG_WARN_COMMA = YES;
				CLANG_WARN_CONSTANT_CONVERSION = YES;
				CLANG_WARN_DIRECT_OBJC_ISA_USAGE = YES_ERROR;
				CLANG_WARN_DOCUMENTATION_COMMENTS = YES;
				CLANG_WARN_EMPTY_BODY = YES;
				CLANG_WARN_ENUM_CONVERSION = YES;
				CLANG_WARN_INFINITE_RECURSION = YES;
				CLANG_WARN_INT_CONVERSION = YES;
				CLANG_WARN_OBJC_ROOT_CLASS = YES_ERROR;
				CLANG_WARN_RANGE_LOOP_ANALYSIS = YES;
				CLANG_WARN_STRICT_PROTOTYPES = YES;
				CLANG_WARN_SUSPICIOUS_MOVE = YES;
				CLANG_WARN_UNGUARDED_AVAILABILITY = YES_AGGRESSIVE;
				CLANG_WARN_UNREACHABLE_CODE = YES;
				CLANG_WARN__DUPLICATE_METHOD_MATCH = YES;
				CODE_SIGN_IDENTITY = "iPhone Developer";
				COPY_PHASE_STRIP = NO;
				DEBUG_INFORMATION_FORMAT = "dwarf-with-dsym";
				ENABLE_NS_ASSERTIONS = NO;
				ENABLE_STRICT_OBJC_MSGSEND = YES;
				GCC_C_LANGUAGE_STANDARD = gnu11;
				GCC_NO_COMMON_BLOCKS = YES;
				GCC_WARN_64_TO_32_BIT_CONVERSION = YES;
				GCC_WARN_ABOUT_RETURN_TYPE = YES_ERROR;
				GCC_WARN_UNDECLARED_SELECTOR = YES;
				GCC_WARN_UNINITIALIZED_AUTOS = YES_AGGRESSIVE;
				GCC_WARN_UNUSED_FUNCTION = YES;
				GCC_WARN_UNUSED_VARIABLE = YES;
				IPHONEOS_DEPLOYMENT_TARGET = 11.0;
				MTL_ENABLE_DEBUG_INFO = NO;
				SDKROOT = iphoneos;
				SWIFT_OPTIMIZATION_LEVEL = "-Owholemodule";
				VALIDATE_PRODUCT = YES;
			};
			name = Release;
		};
		E202C25F1EF88481007D243A /* Debug */ = {
			isa = XCBuildConfiguration;
			buildSettings = {
				ASSETCATALOG_COMPILER_APPICON_NAME = AppIcon;
				DEVELOPMENT_TEAM = BD7VD67BSV;
				FRAMEWORK_SEARCH_PATHS = "$(PROJECT_DIR)";
				INFOPLIST_FILE = RSNetworkingExample/Info.plist;
				LD_RUNPATH_SEARCH_PATHS = "$(inherited) @executable_path/Frameworks";
				PRODUCT_BUNDLE_IDENTIFIER = ch.renatostauffer.RSNetworkingExample;
				PRODUCT_NAME = "$(TARGET_NAME)";
				SWIFT_VERSION = 4.0;
				TARGETED_DEVICE_FAMILY = "1,2";
			};
			name = Debug;
		};
		E202C2601EF88481007D243A /* Release */ = {
			isa = XCBuildConfiguration;
			buildSettings = {
				ASSETCATALOG_COMPILER_APPICON_NAME = AppIcon;
				DEVELOPMENT_TEAM = BD7VD67BSV;
				FRAMEWORK_SEARCH_PATHS = "$(PROJECT_DIR)";
				INFOPLIST_FILE = RSNetworkingExample/Info.plist;
				LD_RUNPATH_SEARCH_PATHS = "$(inherited) @executable_path/Frameworks";
				PRODUCT_BUNDLE_IDENTIFIER = ch.renatostauffer.RSNetworkingExample;
				PRODUCT_NAME = "$(TARGET_NAME)";
				SWIFT_VERSION = 4.0;
				TARGETED_DEVICE_FAMILY = "1,2";
			};
			name = Release;
		};
/* End XCBuildConfiguration section */

/* Begin XCConfigurationList section */
		E202C2471EF88481007D243A /* Build configuration list for PBXProject "RSNetworkingExample" */ = {
			isa = XCConfigurationList;
			buildConfigurations = (
				E202C25C1EF88481007D243A /* Debug */,
				E202C25D1EF88481007D243A /* Release */,
			);
			defaultConfigurationIsVisible = 0;
			defaultConfigurationName = Release;
		};
		E202C25E1EF88481007D243A /* Build configuration list for PBXNativeTarget "RSNetworkingExample" */ = {
			isa = XCConfigurationList;
			buildConfigurations = (
				E202C25F1EF88481007D243A /* Debug */,
				E202C2601EF88481007D243A /* Release */,
			);
			defaultConfigurationIsVisible = 0;
		};
/* End XCConfigurationList section */
	};
	rootObject = E202C2441EF88481007D243A /* Project object */;
}
